dependencies:
- name: common
  repository: https://charts.bitnami.com/bitnami
  version: 2.23.0
- name: postgresql
  repository: https://raw.githubusercontent.com/bitnami/charts/archive-full-index/bitnami
  version: 10.16.2
digest: sha256:c3cdefda0e6e577e42f2c85237579de260b64cf7752afd2010354d6f66ed9919
generated: "2024-09-26T11:32:00.261989+07:00"
